
Microsoft Visual Studio Solution File, Format Version 12.00
# Visual Studio 15
VisualStudioVersion = 15.0.28307.572
MinimumVisualStudioVersion = 10.0.40219.1
Project("{FAE04EC0-301F-11D3-BF4B-00C04F79EFBC}") = "wordCount", "wordCount\wordCount.csproj", "{052AECDA-96DA-46A1-A897-66C2F4CB9308}"
EndProject
Project("{2150E333-8FDC-42A3-9474-1A3956D46DE8}") = "Solution Items", "Solution Items", "{68D0D458-CAA3-4EFA-A8A6-6921C8BA3E1E}"
EndProject
Global
	GlobalSection(SolutionConfigurationPlatforms) = preSolution
		Debug|Any CPU = Debug|Any CPU
		Release|Any CPU = Release|Any CPU
	EndGlobalSection
	GlobalSection(ProjectConfigurationPlatforms) = postSolution
		{052AECDA-96DA-46A1-A897-66C2F4CB9308}.Debug|Any CPU.ActiveCfg = Debug|Any CPU
		{052AECDA-96DA-46A1-A897-66C2F4CB9308}.Debug|Any CPU.Build.0 = Debug|Any CPU
		{052AECDA-96DA-46A1-A897-66C2F4CB9308}.Release|Any CPU.ActiveCfg = Release|Any CPU
		{052AECDA-96DA-46A1-A897-66C2F4CB9308}.Release|Any CPU.Build.0 = Release|Any CPU
	EndGlobalSection
	GlobalSection(SolutionProperties) = preSolution
		HideSolutionNode = FALSE
	EndGlobalSection
	GlobalSection(ExtensibilityGlobals) = postSolution
		SolutionGuid = {9889F052-47F2-4A41-8C01-302D73F1ACDA}
	EndGlobalSection
EndGlobal
